// !$*UTF8*$!
{
	archiveVersion = 1;
	classes = {
	};
	objectVersion = 77;
	objects = {

/* Begin PBXContainerItemProxy section */
		F5565F7E2DFDEEDC005EA8CE /* PBXContainerItemProxy */ = {
			isa = PBXContainerItemProxy;
			containerPortal = F5565F602DFDEEDA005EA8CE /* Project object */;
			proxyType = 1;
			remoteGlobalIDString = F5565F672DFDEEDA005EA8CE;
			remoteInfo = SweaySyncV2;
		};
		F5565F882DFDEEDC005EA8CE /* PBXContainerItemProxy */ = {
			isa = PBXContainerItemProxy;
			containerPortal = F5565F602DFDEEDA005EA8CE /* Project object */;
			proxyType = 1;
			remoteGlobalIDString = F5565F672DFDEEDA005EA8CE;
			remoteInfo = SweaySyncV2;
		};
/* End PBXContainerItemProxy section */

/* Begin PBXFileReference section */
		F5565F682DFDEEDA005EA8CE /* SweaySyncV2.app */ = {isa = PBXFileReference; explicitFileType = wrapper.application; includeInIndex = 0; path = SweaySyncV2.app; sourceTree = BUILT_PRODUCTS_DIR; };
		F5565F7D2DFDEEDC005EA8CE /* SweaySyncV2Tests.xctest */ = {isa = PBXFileReference; explicitFileType = wrapper.cfbundle; includeInIndex = 0; path = SweaySyncV2Tests.xctest; sourceTree = BUILT_PRODUCTS_DIR; };
		F5565F872DFDEEDC005EA8CE /* SweaySyncV2UITests.xctest */ = {isa = PBXFileReference; explicitFileType = wrapper.cfbundle; includeInIndex = 0; path = SweaySyncV2UITests.xctest; sourceTree = BUILT_PRODUCTS_DIR; };
/* End PBXFileReference section */

/* Begin PBXFileSystemSynchronizedBuildFileExceptionSet section */
		F5565FDD2E00AD22005EA8CE /* Exceptions for "SweaySyncV2" folder in "SweaySyncV2" target */ = {
			isa = PBXFileSystemSynchronizedBuildFileExceptionSet;
			membershipExceptions = (
				Info.plist,
			);
			target = F5565F672DFDEEDA005EA8CE /* SweaySyncV2 */;
		};
/* End PBXFileSystemSynchronizedBuildFileExceptionSet section */

/* Begin PBXFileSystemSynchronizedRootGroup section */
		F5565F6A2DFDEEDA005EA8CE /* SweaySyncV2 */ = {
			isa = PBXFileSystemSynchronizedRootGroup;
			exceptions = (
				F5565FDD2E00AD22005EA8CE /* Exceptions for "SweaySyncV2" folder in "SweaySyncV2" target */,
			);
			path = SweaySyncV2;
			sourceTree = "<group>";
		};
		F5565F802DFDEEDC005EA8CE /* SweaySyncV2Tests */ = {
			isa = PBXFileSystemSynchronizedRootGroup;
			path = SweaySyncV2Tests;
			sourceTree = "<group>";
		};
		F5565F8A2DFDEEDC005EA8CE /* SweaySyncV2UITests */ = {
			isa = PBXFileSystemSynchronizedRootGroup;
			path = SweaySyncV2UITests;
			sourceTree = "<group>";
		};
/* End PBXFileSystemSynchronizedRootGroup section */

/* Begin PBXFrameworksBuildPhase section */
		F5565F652DFDEEDA005EA8CE /* Frameworks */ = {
			isa = PBXFrameworksBuildPhase;
			buildActionMask = 2147483647;
			files = (
			);
			runOnlyForDeploymentPostprocessing = 0;
		};
		F5565F7A2DFDEEDC005EA8CE /* Frameworks */ = {
			isa = PBXFrameworksBuildPhase;
			buildActionMask = 2147483647;
			files = (
			);
			runOnlyForDeploymentPostprocessing = 0;
		};
		F5565F842DFDEEDC005EA8CE /* Frameworks */ = {
			isa = PBXFrameworksBuildPhase;
			buildActionMask = 2147483647;
			files = (
			);
			runOnlyForDeploymentPostprocessing = 0;
		};
/* End PBXFrameworksBuildPhase section */

/* Begin PBXGroup section */
		F5565F5F2DFDEEDA005EA8CE = {
			isa = PBXGroup;
			children = (
				F5565F6A2DFDEEDA005EA8CE /* SweaySyncV2 */,
				F5565F802DFDEEDC005EA8CE /* SweaySyncV2Tests */,
				F5565F8A2DFDEEDC005EA8CE /* SweaySyncV2UITests */,
				F5565F692DFDEEDA005EA8CE /* Products */,
			);
			sourceTree = "<group>";
		};
		F5565F692DFDEEDA005EA8CE /* Products */ = {
			isa = PBXGroup;
			children = (
				F5565F682DFDEEDA005EA8CE /* SweaySyncV2.app */,
				F5565F7D2DFDEEDC005EA8CE /* SweaySyncV2Tests.xctest */,
				F5565F872DFDEEDC005EA8CE /* SweaySyncV2UITests.xctest */,
			);
			name = Products;
			sourceTree = "<group>";
		};
/* End PBXGroup section */

/* Begin PBXNativeTarget section */
		F5565F672DFDEEDA005EA8CE /* SweaySyncV2 */ = {
			isa = PBXNativeTarget;
			buildConfigurationList = F5565F912DFDEEDC005EA8CE /* Build configuration list for PBXNativeTarget "SweaySyncV2" */;
			buildPhases = (
				F5565F642DFDEEDA005EA8CE /* Sources */,
				F5565F652DFDEEDA005EA8CE /* Frameworks */,
				F5565F662DFDEEDA005EA8CE /* Resources */,
			);
			buildRules = (
			);
			dependencies = (
			);
			fileSystemSynchronizedGroups = (
				F5565F6A2DFDEEDA005EA8CE /* SweaySyncV2 */,
			);
			name = SweaySyncV2;
			packageProductDependencies = (
			);
			productName = SweaySyncV2;
			productReference = F5565F682DFDEEDA005EA8CE /* SweaySyncV2.app */;
			productType = "com.apple.product-type.application";
		};
		F5565F7C2DFDEEDC005EA8CE /* SweaySyncV2Tests */ = {
			isa = PBXNativeTarget;
			buildConfigurationList = F5565F942DFDEEDC005EA8CE /* Build configuration list for PBXNativeTarget "SweaySyncV2Tests" */;
			buildPhases = (
				F5565F792DFDEEDC005EA8CE /* Sources */,
				F5565F7A2DFDEEDC005EA8CE /* Frameworks */,
				F5565F7B2DFDEEDC005EA8CE /* Resources */,
			);
			buildRules = (
			);
			dependencies = (
				F5565F7F2DFDEEDC005EA8CE /* PBXTargetDependency */,
			);
			fileSystemSynchronizedGroups = (
				F5565F802DFDEEDC005EA8CE /* SweaySyncV2Tests */,
			);
			name = SweaySyncV2Tests;
			packageProductDependencies = (
			);
			productName = SweaySyncV2Tests;
			productReference = F5565F7D2DFDEEDC005EA8CE /* SweaySyncV2Tests.xctest */;
			productType = "com.apple.product-type.bundle.unit-test";
		};
		F5565F862DFDEEDC005EA8CE /* SweaySyncV2UITests */ = {
			isa = PBXNativeTarget;
			buildConfigurationList = F5565F972DFDEEDC005EA8CE /* Build configuration list for PBXNativeTarget "SweaySyncV2UITests" */;
			buildPhases = (
				F5565F832DFDEEDC005EA8CE /* Sources */,
				F5565F842DFDEEDC005EA8CE /* Frameworks */,
				F5565F852DFDEEDC005EA8CE /* Resources */,
			);
			buildRules = (
			);
			dependencies = (
				F5565F892DFDEEDC005EA8CE /* PBXTargetDependency */,
			);
			fileSystemSynchronizedGroups = (
				F5565F8A2DFDEEDC005EA8CE /* SweaySyncV2UITests */,
			);
			name = SweaySyncV2UITests;
			packageProductDependencies = (
			);
			productName = SweaySyncV2UITests;
			productReference = F5565F872DFDEEDC005EA8CE /* SweaySyncV2UITests.xctest */;
			productType = "com.apple.product-type.bundle.ui-testing";
		};
/* End PBXNativeTarget section */

/* Begin PBXProject section */
		F5565F602DFDEEDA005EA8CE /* Project object */ = {
			isa = PBXProject;
			attributes = {
				BuildIndependentTargetsInParallel = 1;
				LastSwiftUpdateCheck = 1620;
				LastUpgradeCheck = 1620;
				TargetAttributes = {
					F5565F672DFDEEDA005EA8CE = {
						CreatedOnToolsVersion = 16.2;
					};
					F5565F7C2DFDEEDC005EA8CE = {
						CreatedOnToolsVersion = 16.2;
						TestTargetID = F5565F672DFDEEDA005EA8CE;
					};
					F5565F862DFDEEDC005EA8CE = {
						CreatedOnToolsVersion = 16.2;
						TestTargetID = F5565F672DFDEEDA005EA8CE;
					};
				};
			};
			buildConfigurationList = F5565F632DFDEEDA005EA8CE /* Build configuration list for PBXProject "SweaySyncV2" */;
			developmentRegion = en;
			hasScannedForEncodings = 0;
			knownRegions = (
				en,
				Base,
			);
			mainGroup = F5565F5F2DFDEEDA005EA8CE;
			minimizedProjectReferenceProxies = 1;
			preferredProjectObjectVersion = 77;
			productRefGroup = F5565F692DFDEEDA005EA8CE /* Products */;
			projectDirPath = "";
			projectRoot = "";
			targets = (
				F5565F672DFDEEDA005EA8CE /* SweaySyncV2 */,
				F5565F7C2DFDEEDC005EA8CE /* SweaySyncV2Tests */,
				F5565F862DFDEEDC005EA8CE /* SweaySyncV2UITests */,
			);
		};
/* End PBXProject section */

/* Begin PBXResourcesBuildPhase section */
		F5565F662DFDEEDA005EA8CE /* Resources */ = {
			isa = PBXResourcesBuildPhase;
			buildActionMask = 2147483647;
			files = (
			);
			runOnlyForDeploymentPostprocessing = 0;
		};
		F5565F7B2DFDEEDC005EA8CE /* Resources */ = {
			isa = PBXResourcesBuildPhase;
			buildActionMask = 2147483647;
			files = (
			);
			runOnlyForDeploymentPostprocessing = 0;
		};
		F5565F852DFDEEDC005EA8CE /* Resources */ = {
			isa = PBXResourcesBuildPhase;
			buildActionMask = 2147483647;
			files = (
			);
			runOnlyForDeploymentPostprocessing = 0;
		};
/* End PBXResourcesBuildPhase section */

/* Begin PBXSourcesBuildPhase section */
		F5565F642DFDEEDA005EA8CE /* Sources */ = {
			isa = PBXSourcesBuildPhase;
			buildActionMask = 2147483647;
			files = (
			);
			runOnlyForDeploymentPostprocessing = 0;
		};
		F5565F792DFDEEDC005EA8CE /* Sources */ = {
			isa = PBXSourcesBuildPhase;
			buildActionMask = 2147483647;
			files = (
			);
			runOnlyForDeploymentPostprocessing = 0;
		};
		F5565F832DFDEEDC005EA8CE /* Sources */ = {
			isa = PBXSourcesBuildPhase;
			buildActionMask = 2147483647;
			files = (
			);
			runOnlyForDeploymentPostprocessing = 0;
		};
/* End PBXSourcesBuildPhase section */

/* Begin PBXTargetDependency section */
		F5565F7F2DFDEEDC005EA8CE /* PBXTargetDependency */ = {
			isa = PBXTargetDependency;
			target = F5565F672DFDEEDA005EA8CE /* SweaySyncV2 */;
			targetProxy = F5565F7E2DFDEEDC005EA8CE /* PBXContainerItemProxy */;
		};
		F5565F892DFDEEDC005EA8CE /* PBXTargetDependency */ = {
			isa = PBXTargetDependency;
			target = F5565F672DFDEEDA005EA8CE /* SweaySyncV2 */;
			targetProxy = F5565F882DFDEEDC005EA8CE /* PBXContainerItemProxy */;
		};
/* End PBXTargetDependency section */

/* Begin XCBuildConfiguration section */
		F5565F8F2DFDEEDC005EA8CE /* Debug */ = {
			isa = XCBuildConfiguration;
			buildSettings = {
				ALWAYS_SEARCH_USER_PATHS = NO;
				ASSETCATALOG_COMPILER_GENERATE_SWIFT_ASSET_SYMBOL_EXTENSIONS = YES;
				CLANG_ANALYZER_NONNULL = YES;
				CLANG_ANALYZER_NUMBER_OBJECT_CONVERSION = YES_AGGRESSIVE;
				CLANG_CXX_LANGUAGE_STANDARD = "gnu++20";
				CLANG_ENABLE_MODULES = YES;
				CLANG_ENABLE_OBJC_ARC = YES;
				CLANG_ENABLE_OBJC_WEAK = YES;
				CLANG_WARN_BLOCK_CAPTURE_AUTORELEASING = YES;
				CLANG_WARN_BOOL_CONVERSION = YES;
				CLANG_WARN_COMMA = YES;
				CLANG_WARN_CONSTANT_CONVERSION = YES;
				CLANG_WARN_DEPRECATED_OBJC_IMPLEMENTATIONS = YES;
				CLANG_WARN_DIRECT_OBJC_ISA_USAGE = YES_ERROR;
				CLANG_WARN_DOCUMENTATION_COMMENTS = YES;
				CLANG_WARN_EMPTY_BODY = YES;
				CLANG_WARN_ENUM_CONVERSION = YES;
				CLANG_WARN_INFINITE_RECURSION = YES;
				CLANG_WARN_INT_CONVERSION = YES;
				CLANG_WARN_NON_LITERAL_NULL_CONVERSION = YES;
				CLANG_WARN_OBJC_IMPLICIT_RETAIN_SELF = YES;
				CLANG_WARN_OBJC_LITERAL_CONVERSION = YES;
				CLANG_WARN_OBJC_ROOT_CLASS = YES_ERROR;
				CLANG_WARN_QUOTED_INCLUDE_IN_FRAMEWORK_HEADER = YES;
				CLANG_WARN_RANGE_LOOP_ANALYSIS = YES;
				CLANG_WARN_STRICT_PROTOTYPES = YES;
				CLANG_WARN_SUSPICIOUS_MOVE = YES;
				CLANG_WARN_UNGUARDED_AVAILABILITY = YES_AGGRESSIVE;
				CLANG_WARN_UNREACHABLE_CODE = YES;
				CLANG_WARN__DUPLICATE_METHOD_MATCH = YES;
				COPY_PHASE_STRIP = NO;
				DEBUG_INFORMATION_FORMAT = dwarf;
				ENABLE_STRICT_OBJC_MSGSEND = YES;
				ENABLE_TESTABILITY = YES;
				ENABLE_USER_SCRIPT_SANDBOXING = YES;
				GCC_C_LANGUAGE_STANDARD = gnu17;
				GCC_DYNAMIC_NO_PIC = NO;
				GCC_NO_COMMON_BLOCKS = YES;
				GCC_OPTIMIZATION_LEVEL = 0;
				GCC_PREPROCESSOR_DEFINITIONS = (
					"DEBUG=1",
					"$(inherited)",
				);
				GCC_WARN_64_TO_32_BIT_CONVERSION = YES;
				GCC_WARN_ABOUT_RETURN_TYPE = YES_ERROR;
				GCC_WARN_UNDECLARED_SELECTOR = YES;
				GCC_WARN_UNINITIALIZED_AUTOS = YES_AGGRESSIVE;
				GCC_WARN_UNUSED_FUNCTION = YES;
				GCC_WARN_UNUSED_VARIABLE = YES;
				IPHONEOS_DEPLOYMENT_TARGET = 18.2;
				LOCALIZATION_PREFERS_STRING_CATALOGS = YES;
				MTL_ENABLE_DEBUG_INFO = INCLUDE_SOURCE;
				MTL_FAST_MATH = YES;
				ONLY_ACTIVE_ARCH = YES;
				SDKROOT = iphoneos;
				SWIFT_ACTIVE_COMPILATION_CONDITIONS = "DEBUG $(inherited)";
				SWIFT_OPTIMIZATION_LEVEL = "-Onone";
			};
			name = Debug;
		};
		F5565F902DFDEEDC005EA8CE /* Release */ = {
			isa = XCBuildConfiguration;
			buildSettings = {
				ALWAYS_SEARCH_USER_PATHS = NO;
				ASSETCATALOG_COMPILER_GENERATE_SWIFT_ASSET_SYMBOL_EXTENSIONS = YES;
				CLANG_ANALYZER_NONNULL = YES;
				CLANG_ANALYZER_NUMBER_OBJECT_CONVERSION = YES_AGGRESSIVE;
				CLANG_CXX_LANGUAGE_STANDARD = "gnu++20";
				CLANG_ENABLE_MODULES = YES;
				CLANG_ENABLE_OBJC_ARC = YES;
				CLANG_ENABLE_OBJC_WEAK = YES;
				CLANG_WARN_BLOCK_CAPTURE_AUTORELEASING = YES;
				CLANG_WARN_BOOL_CONVERSION = YES;
				CLANG_WARN_COMMA = YES;
				CLANG_WARN_CONSTANT_CONVERSION = YES;
				CLANG_WARN_DEPRECATED_OBJC_IMPLEMENTATIONS = YES;
				CLANG_WARN_DIRECT_OBJC_ISA_USAGE = YES_ERROR;
				CLANG_WARN_DOCUMENTATION_COMMENTS = YES;
				CLANG_WARN_EMPTY_BODY = YES;
				CLANG_WARN_ENUM_CONVERSION = YES;
				CLANG_WARN_INFINITE_RECURSION = YES;
				CLANG_WARN_INT_CONVERSION = YES;
				CLANG_WARN_NON_LITERAL_NULL_CONVERSION = YES;
				CLANG_WARN_OBJC_IMPLICIT_RETAIN_SELF = YES;
				CLANG_WARN_OBJC_LITERAL_CONVERSION = YES;
				CLANG_WARN_OBJC_ROOT_CLASS = YES_ERROR;
				CLANG_WARN_QUOTED_INCLUDE_IN_FRAMEWORK_HEADER = YES;
				CLANG_WARN_RANGE_LOOP_ANALYSIS = YES;
				CLANG_WARN_STRICT_PROTOTYPES = YES;
				CLANG_WARN_SUSPICIOUS_MOVE = YES;
				CLANG_WARN_UNGUARDED_AVAILABILITY = YES_AGGRESSIVE;
				CLANG_WARN_UNREACHABLE_CODE = YES;
				CLANG_WARN__DUPLICATE_METHOD_MATCH = YES;
				COPY_PHASE_STRIP = NO;
				DEBUG_INFORMATION_FORMAT = "dwarf-with-dsym";
				ENABLE_NS_ASSERTIONS = NO;
				ENABLE_STRICT_OBJC_MSGSEND = YES;
				ENABLE_USER_SCRIPT_SANDBOXING = YES;
				GCC_C_LANGUAGE_STANDARD = gnu17;
				GCC_NO_COMMON_BLOCKS = YES;
				GCC_WARN_64_TO_32_BIT_CONVERSION = YES;
				GCC_WARN_ABOUT_RETURN_TYPE = YES_ERROR;
				GCC_WARN_UNDECLARED_SELECTOR = YES;
				GCC_WARN_UNINITIALIZED_AUTOS = YES_AGGRESSIVE;
				GCC_WARN_UNUSED_FUNCTION = YES;
				GCC_WARN_UNUSED_VARIABLE = YES;
				IPHONEOS_DEPLOYMENT_TARGET = 18.2;
				LOCALIZATION_PREFERS_STRING_CATALOGS = YES;
				MTL_ENABLE_DEBUG_INFO = NO;
				MTL_FAST_MATH = YES;
				SDKROOT = iphoneos;
				SWIFT_COMPILATION_MODE = wholemodule;
				VALIDATE_PRODUCT = YES;
			};
			name = Release;
		};
		F5565F922DFDEEDC005EA8CE /* Debug */ = {
			isa = XCBuildConfiguration;
			buildSettings = {
				ASSETCATALOG_COMPILER_APPICON_NAME = AppIcon;
				ASSETCATALOG_COMPILER_GLOBAL_ACCENT_COLOR_NAME = AccentColor;
				CODE_SIGN_ENTITLEMENTS = SweaySyncV2/SweaySyncV2.entitlements;
				CODE_SIGN_STYLE = Automatic;
				CURRENT_PROJECT_VERSION = 1;
				DEVELOPMENT_ASSET_PATHS = "\"SweaySyncV2/Preview Content\"";
				ENABLE_PREVIEWS = YES;
				GENERATE_INFOPLIST_FILE = YES;
				INFOPLIST_FILE = SweaySyncV2/Info.plist;
				INFOPLIST_KEY_UIApplicationSceneManifest_Generation = YES;
				INFOPLIST_KEY_UIApplicationSupportsIndirectInputEvents = YES;
				INFOPLIST_KEY_UILaunchScreen_Generation = YES;
				INFOPLIST_KEY_UISupportedInterfaceOrientations_iPad = "UIInterfaceOrientationPortrait UIInterfaceOrientationPortraitUpsideDown UIInterfaceOrientationLandscapeLeft UIInterfaceOrientationLandscapeRight";
				INFOPLIST_KEY_UISupportedInterfaceOrientations_iPhone = "UIInterfaceOrientationPortrait UIInterfaceOrientationLandscapeLeft UIInterfaceOrientationLandscapeRight";
				LD_RUNPATH_SEARCH_PATHS = (
					"$(inherited)",
					"@executable_path/Frameworks",
				);
				MARKETING_VERSION = 1.0;
				PRODUCT_BUNDLE_IDENTIFIER = com.it21234484.SweaySyncV2;
				PRODUCT_NAME = "$(TARGET_NAME)";
				SWIFT_EMIT_LOC_STRINGS = YES;
				SWIFT_VERSION = 5.0;
				TARGETED_DEVICE_FAMILY = "1,2";
			};
			name = Debug;
		};
		F5565F932DFDEEDC005EA8CE /* Release */ = {
			isa = XCBuildConfiguration;
			buildSettings = {
				ASSETCATALOG_COMPILER_APPICON_NAME = AppIcon;
				ASSETCATALOG_COMPILER_GLOBAL_ACCENT_COLOR_NAME = AccentColor;
				CODE_SIGN_ENTITLEMENTS = SweaySyncV2/SweaySyncV2.entitlements;
				CODE_SIGN_STYLE = Automatic;
				CURRENT_PROJECT_VERSION = 1;
				DEVELOPMENT_ASSET_PATHS = "\"SweaySyncV2/Preview Content\"";
				ENABLE_PREVIEWS = YES;
				GENERATE_INFOPLIST_FILE = YES;
				INFOPLIST_FILE = SweaySyncV2/Info.plist;
				INFOPLIST_KEY_UIApplicationSceneManifest_Generation = YES;
				INFOPLIST_KEY_UIApplicationSupportsIndirectInputEvents = YES;
				INFOPLIST_KEY_UILaunchScreen_Generation = YES;
				INFOPLIST_KEY_UISupportedInterfaceOrientations_iPad = "UIInterfaceOrientationPortrait UIInterfaceOrientationPortraitUpsideDown UIInterfaceOrientationLandscapeLeft UIInterfaceOrientationLandscapeRight";
				INFOPLIST_KEY_UISupportedInterfaceOrientations_iPhone = "UIInterfaceOrientationPortrait UIInterfaceOrientationLandscapeLeft UIInterfaceOrientationLandscapeRight";
				LD_RUNPATH_SEARCH_PATHS = (
					"$(inherited)",
					"@executable_path/Frameworks",
				);
				MARKETING_VERSION = 1.0;
				PRODUCT_BUNDLE_IDENTIFIER = com.it21234484.SweaySyncV2;
				PRODUCT_NAME = "$(TARGET_NAME)";
				SWIFT_EMIT_LOC_STRINGS = YES;
				SWIFT_VERSION = 5.0;
				TARGETED_DEVICE_FAMILY = "1,2";
			};
			name = Release;
		};
		F5565F952DFDEEDC005EA8CE /* Debug */ = {
			isa = XCBuildConfiguration;
			buildSettings = {
				BUNDLE_LOADER = "$(TEST_HOST)";
				CODE_SIGN_STYLE = Automatic;
				CURRENT_PROJECT_VERSION = 1;
				GENERATE_INFOPLIST_FILE = YES;
				IPHONEOS_DEPLOYMENT_TARGET = 18.2;
				MARKETING_VERSION = 1.0;
				PRODUCT_BUNDLE_IDENTIFIER = com.it21234484.SweaySyncV2Tests;
				PRODUCT_NAME = "$(TARGET_NAME)";
				SWIFT_EMIT_LOC_STRINGS = NO;
				SWIFT_VERSION = 5.0;
				TARGETED_DEVICE_FAMILY = "1,2";
				TEST_HOST = "$(BUILT_PRODUCTS_DIR)/SweaySyncV2.app/$(BUNDLE_EXECUTABLE_FOLDER_PATH)/SweaySyncV2";
			};
			name = Debug;
		};
		F5565F962DFDEEDC005EA8CE /* Release */ = {
			isa = XCBuildConfiguration;
			buildSettings = {
				BUNDLE_LOADER = "$(TEST_HOST)";
				CODE_SIGN_STYLE = Automatic;
				CURRENT_PROJECT_VERSION = 1;
				GENERATE_INFOPLIST_FILE = YES;
				IPHONEOS_DEPLOYMENT_TARGET = 18.2;
				MARKETING_VERSION = 1.0;
				PRODUCT_BUNDLE_IDENTIFIER = com.it21234484.SweaySyncV2Tests;
				PRODUCT_NAME = "$(TARGET_NAME)";
				SWIFT_EMIT_LOC_STRINGS = NO;
				SWIFT_VERSION = 5.0;
				TARGETED_DEVICE_FAMILY = "1,2";
				TEST_HOST = "$(BUILT_PRODUCTS_DIR)/SweaySyncV2.app/$(BUNDLE_EXECUTABLE_FOLDER_PATH)/SweaySyncV2";
			};
			name = Release;
		};
		F5565F982DFDEEDC005EA8CE /* Debug */ = {
			isa = XCBuildConfiguration;
			buildSettings = {
				CODE_SIGN_STYLE = Automatic;
				CURRENT_PROJECT_VERSION = 1;
				GENERATE_INFOPLIST_FILE = YES;
				MARKETING_VERSION = 1.0;
				PRODUCT_BUNDLE_IDENTIFIER = com.it21234484.SweaySyncV2UITests;
				PRODUCT_NAME = "$(TARGET_NAME)";
				SWIFT_EMIT_LOC_STRINGS = NO;
				SWIFT_VERSION = 5.0;
				TARGETED_DEVICE_FAMILY = "1,2";
				TEST_TARGET_NAME = SweaySyncV2;
			};
			name = Debug;
		};
		F5565F992DFDEEDC005EA8CE /* Release */ = {
			isa = XCBuildConfiguration;
			buildSettings = {
				CODE_SIGN_STYLE = Automatic;
				CURRENT_PROJECT_VERSION = 1;
				GENERATE_INFOPLIST_FILE = YES;
				MARKETING_VERSION = 1.0;
				PRODUCT_BUNDLE_IDENTIFIER = com.it21234484.SweaySyncV2UITests;
				PRODUCT_NAME = "$(TARGET_NAME)";
				SWIFT_EMIT_LOC_STRINGS = NO;
				SWIFT_VERSION = 5.0;
				TARGETED_DEVICE_FAMILY = "1,2";
				TEST_TARGET_NAME = SweaySyncV2;
			};
			name = Release;
		};
/* End XCBuildConfiguration section */

/* Begin XCConfigurationList section */
		F5565F632DFDEEDA005EA8CE /* Build configuration list for PBXProject "SweaySyncV2" */ = {
			isa = XCConfigurationList;
			buildConfigurations = (
				F5565F8F2DFDEEDC005EA8CE /* Debug */,
				F5565F902DFDEEDC005EA8CE /* Release */,
			);
			defaultConfigurationIsVisible = 0;
			defaultConfigurationName = Release;
		};
		F5565F912DFDEEDC005EA8CE /* Build configuration list for PBXNativeTarget "SweaySyncV2" */ = {
			isa = XCConfigurationList;
			buildConfigurations = (
				F5565F922DFDEEDC005EA8CE /* Debug */,
				F5565F932DFDEEDC005EA8CE /* Release */,
			);
			defaultConfigurationIsVisible = 0;
			defaultConfigurationName = Release;
		};
		F5565F942DFDEEDC005EA8CE /* Build configuration list for PBXNativeTarget "SweaySyncV2Tests" */ = {
			isa = XCConfigurationList;
			buildConfigurations = (
				F5565F952DFDEEDC005EA8CE /* Debug */,
				F5565F962DFDEEDC005EA8CE /* Release */,
			);
			defaultConfigurationIsVisible = 0;
			defaultConfigurationName = Release;
		};
		F5565F972DFDEEDC005EA8CE /* Build configuration list for PBXNativeTarget "SweaySyncV2UITests" */ = {
			isa = XCConfigurationList;
			buildConfigurations = (
				F5565F982DFDEEDC005EA8CE /* Debug */,
				F5565F992DFDEEDC005EA8CE /* Release */,
			);
			defaultConfigurationIsVisible = 0;
			defaultConfigurationName = Release;
		};
/* End XCConfigurationList section */
	};
	rootObject = F5565F602DFDEEDA005EA8CE /* Project object */;
}
